
Microsoft Visual Studio Solution File, Format Version 12.00
Project("{FAE04EC0-301F-11D3-BF4B-00C04F79EFBC}") = "PasswordManager.Core", "PasswordManager.Core\PasswordManager.Core.csproj", "{BBC6E802-69FF-4EC5-8ADD-4CC79CB36838}"
EndProject
Project("{FAE04EC0-301F-11D3-BF4B-00C04F79EFBC}") = "PasswordManager.Infrastructure", "PasswordManager.Infrastructure\PasswordManager.Infrastructure.csproj", "{540E0635-8BAE-4B20-B98F-6CE7EFD2718A}"
EndProject
Project("{FAE04EC0-301F-11D3-BF4B-00C04F79EFBC}") = "PasswordManager", "PasswordManager\PasswordManager.csproj", "{2949AF7F-D00E-45CC-868B-7663B6DDBBC8}"
EndProject
Global
	GlobalSection(SolutionConfigurationPlatforms) = preSolution
		Debug|Any CPU = Debug|Any CPU
		Release|Any CPU = Release|Any CPU
	EndGlobalSection
	GlobalSection(ProjectConfigurationPlatforms) = postSolution
		{BBC6E802-69FF-4EC5-8ADD-4CC79CB36838}.Debug|Any CPU.ActiveCfg = Debug|Any CPU
		{BBC6E802-69FF-4EC5-8ADD-4CC79CB36838}.Debug|Any CPU.Build.0 = Debug|Any CPU
		{BBC6E802-69FF-4EC5-8ADD-4CC79CB36838}.Release|Any CPU.ActiveCfg = Release|Any CPU
		{BBC6E802-69FF-4EC5-8ADD-4CC79CB36838}.Release|Any CPU.Build.0 = Release|Any CPU
		{540E0635-8BAE-4B20-B98F-6CE7EFD2718A}.Debug|Any CPU.ActiveCfg = Debug|Any CPU
		{540E0635-8BAE-4B20-B98F-6CE7EFD2718A}.Debug|Any CPU.Build.0 = Debug|Any CPU
		{540E0635-8BAE-4B20-B98F-6CE7EFD2718A}.Release|Any CPU.ActiveCfg = Release|Any CPU
		{540E0635-8BAE-4B20-B98F-6CE7EFD2718A}.Release|Any CPU.Build.0 = Release|Any CPU
		{2949AF7F-D00E-45CC-868B-7663B6DDBBC8}.Debug|Any CPU.ActiveCfg = Debug|Any CPU
		{2949AF7F-D00E-45CC-868B-7663B6DDBBC8}.Debug|Any CPU.Build.0 = Debug|Any CPU
		{2949AF7F-D00E-45CC-868B-7663B6DDBBC8}.Release|Any CPU.ActiveCfg = Release|Any CPU
		{2949AF7F-D00E-45CC-868B-7663B6DDBBC8}.Release|Any CPU.Build.0 = Release|Any CPU
	EndGlobalSection
EndGlobal
